
Microsoft Visual Studio Solution File, Format Version 12.00
# Visual Studio 15
VisualStudioVersion = 15.0.27130.2036
MinimumVisualStudioVersion = 10.0.40219.1
Project("{FAE04EC0-301F-11D3-BF4B-00C04F79EFBC}") = "ComputerTimer", "ComputerTimer\ComputerTimer.csproj", "{CC4EB62F-6C13-4F8D-863E-00BAC5A58B2C}"
EndProject
Global
	GlobalSection(SolutionConfigurationPlatforms) = preSolution
		Debug|Any CPU = Debug|Any CPU
		Release|Any CPU = Release|Any CPU
	EndGlobalSection
	GlobalSection(ProjectConfigurationPlatforms) = postSolution
		{CC4EB62F-6C13-4F8D-863E-00BAC5A58B2C}.Debug|Any CPU.ActiveCfg = Debug|Any CPU
		{CC4EB62F-6C13-4F8D-863E-00BAC5A58B2C}.Debug|Any CPU.Build.0 = Debug|Any CPU
		{CC4EB62F-6C13-4F8D-863E-00BAC5A58B2C}.Release|Any CPU.ActiveCfg = Release|Any CPU
		{CC4EB62F-6C13-4F8D-863E-00BAC5A58B2C}.Release|Any CPU.Build.0 = Release|Any CPU
	EndGlobalSection
	GlobalSection(SolutionProperties) = preSolution
		HideSolutionNode = FALSE
	EndGlobalSection
	GlobalSection(ExtensibilityGlobals) = postSolution
		SolutionGuid = {9935BA65-5F08-4C99-A7D2-A14A21482150}
	EndGlobalSection
EndGlobal
